// !$*UTF8*$!
{
	archiveVersion = 1;
	classes = {
	};
	objectVersion = 55;
	objects = {

/* Begin PBXBuildFile section */
		7FBFE22B29546F710028FFA1 /* ViewModelType.swift in Sources */ = {isa = PBXBuildFile; fileRef = 7FBFE22A29546F710028FFA1 /* ViewModelType.swift */; };
		7FBFE22D29546F970028FFA1 /* BaseView.swift in Sources */ = {isa = PBXBuildFile; fileRef = 7FBFE22C29546F970028FFA1 /* BaseView.swift */; };
		7FBFE2312959084C0028FFA1 /* BooksUseCase.swift in Sources */ = {isa = PBXBuildFile; fileRef = 7FBFE2302959084C0028FFA1 /* BooksUseCase.swift */; };
		7FBFE233295909160028FFA1 /* BaseUseCase.swift in Sources */ = {isa = PBXBuildFile; fileRef = 7FBFE232295909160028FFA1 /* BaseUseCase.swift */; };
		7FBFE235295CDE530028FFA1 /* Factory.swift in Sources */ = {isa = PBXBuildFile; fileRef = 7FBFE234295CDE530028FFA1 /* Factory.swift */; };
		7FBFE238295CDE790028FFA1 /* Container.swift in Sources */ = {isa = PBXBuildFile; fileRef = 7FBFE237295CDE790028FFA1 /* Container.swift */; };
		7FBFE23A295E51360028FFA1 /* FakeBooks.json in Resources */ = {isa = PBXBuildFile; fileRef = 7FBFE239295E51360028FFA1 /* FakeBooks.json */; };
		7FBFE23C295E525A0028FFA1 /* Mocks.swift in Sources */ = {isa = PBXBuildFile; fileRef = 7FBFE23B295E525A0028FFA1 /* Mocks.swift */; };
		7FBFE23E295E52FA0028FFA1 /* PreviewHandler.swift in Sources */ = {isa = PBXBuildFile; fileRef = 7FBFE23D295E52FA0028FFA1 /* PreviewHandler.swift */; };
		D1B38EA52891EA2A001FA9F7 /* MyLibraryApp.swift in Sources */ = {isa = PBXBuildFile; fileRef = D1B38EA42891EA2A001FA9F7 /* MyLibraryApp.swift */; };
		D1B38EA92891EA2E001FA9F7 /* Assets.xcassets in Resources */ = {isa = PBXBuildFile; fileRef = D1B38EA82891EA2E001FA9F7 /* Assets.xcassets */; };
		D1B38EAC2891EA2E001FA9F7 /* Preview Assets.xcassets in Resources */ = {isa = PBXBuildFile; fileRef = D1B38EAB2891EA2E001FA9F7 /* Preview Assets.xcassets */; };
		D1B38EBD2891EB62001FA9F7 /* Utilities.swift in Sources */ = {isa = PBXBuildFile; fileRef = D1B38EB92891EB61001FA9F7 /* Utilities.swift */; };
		D1B38EBE2891EB62001FA9F7 /* Constants.swift in Sources */ = {isa = PBXBuildFile; fileRef = D1B38EBA2891EB61001FA9F7 /* Constants.swift */; };
		D1B38EBF2891EB62001FA9F7 /* Extensions.swift in Sources */ = {isa = PBXBuildFile; fileRef = D1B38EBB2891EB61001FA9F7 /* Extensions.swift */; };
		D1B38EC02891EB62001FA9F7 /* NetworkService.swift in Sources */ = {isa = PBXBuildFile; fileRef = D1B38EBC2891EB62001FA9F7 /* NetworkService.swift */; };
		D1B38EC22891EB74001FA9F7 /* Book.swift in Sources */ = {isa = PBXBuildFile; fileRef = D1B38EC12891EB74001FA9F7 /* Book.swift */; };
		D1B38EC42891EB7E001FA9F7 /* BooksListViewModel.swift in Sources */ = {isa = PBXBuildFile; fileRef = D1B38EC32891EB7E001FA9F7 /* BooksListViewModel.swift */; };
		D1B38EC62891EBA0001FA9F7 /* BooksView.swift in Sources */ = {isa = PBXBuildFile; fileRef = D1B38EC52891EBA0001FA9F7 /* BooksView.swift */; };
		D1B38EC82891EC17001FA9F7 /* BookView.swift in Sources */ = {isa = PBXBuildFile; fileRef = D1B38EC72891EC17001FA9F7 /* BookView.swift */; };
/* End PBXBuildFile section */

/* Begin PBXFileReference section */
		7FBFE22A29546F710028FFA1 /* ViewModelType.swift */ = {isa = PBXFileReference; lastKnownFileType = sourcecode.swift; path = ViewModelType.swift; sourceTree = "<group>"; };
		7FBFE22C29546F970028FFA1 /* BaseView.swift */ = {isa = PBXFileReference; lastKnownFileType = sourcecode.swift; path = BaseView.swift; sourceTree = "<group>"; };
		7FBFE2302959084C0028FFA1 /* BooksUseCase.swift */ = {isa = PBXFileReference; lastKnownFileType = sourcecode.swift; path = BooksUseCase.swift; sourceTree = "<group>"; };
		7FBFE232295909160028FFA1 /* BaseUseCase.swift */ = {isa = PBXFileReference; lastKnownFileType = sourcecode.swift; path = BaseUseCase.swift; sourceTree = "<group>"; };
		7FBFE234295CDE530028FFA1 /* Factory.swift */ = {isa = PBXFileReference; fileEncoding = 4; lastKnownFileType = sourcecode.swift; path = Factory.swift; sourceTree = "<group>"; };
		7FBFE237295CDE790028FFA1 /* Container.swift */ = {isa = PBXFileReference; fileEncoding = 4; lastKnownFileType = sourcecode.swift; path = Container.swift; sourceTree = "<group>"; };
		7FBFE239295E51360028FFA1 /* FakeBooks.json */ = {isa = PBXFileReference; lastKnownFileType = text.json; path = FakeBooks.json; sourceTree = "<group>"; };
		7FBFE23B295E525A0028FFA1 /* Mocks.swift */ = {isa = PBXFileReference; lastKnownFileType = sourcecode.swift; path = Mocks.swift; sourceTree = "<group>"; };
		7FBFE23D295E52FA0028FFA1 /* PreviewHandler.swift */ = {isa = PBXFileReference; lastKnownFileType = sourcecode.swift; path = PreviewHandler.swift; sourceTree = "<group>"; };
		D1B38EA12891EA2A001FA9F7 /* MyLibrary.app */ = {isa = PBXFileReference; explicitFileType = wrapper.application; includeInIndex = 0; path = MyLibrary.app; sourceTree = BUILT_PRODUCTS_DIR; };
		D1B38EA42891EA2A001FA9F7 /* MyLibraryApp.swift */ = {isa = PBXFileReference; lastKnownFileType = sourcecode.swift; path = MyLibraryApp.swift; sourceTree = "<group>"; };
		D1B38EA82891EA2E001FA9F7 /* Assets.xcassets */ = {isa = PBXFileReference; lastKnownFileType = folder.assetcatalog; path = Assets.xcassets; sourceTree = "<group>"; };
		D1B38EAB2891EA2E001FA9F7 /* Preview Assets.xcassets */ = {isa = PBXFileReference; lastKnownFileType = folder.assetcatalog; path = "Preview Assets.xcassets"; sourceTree = "<group>"; };
		D1B38EB92891EB61001FA9F7 /* Utilities.swift */ = {isa = PBXFileReference; fileEncoding = 4; lastKnownFileType = sourcecode.swift; path = Utilities.swift; sourceTree = "<group>"; };
		D1B38EBA2891EB61001FA9F7 /* Constants.swift */ = {isa = PBXFileReference; fileEncoding = 4; lastKnownFileType = sourcecode.swift; path = Constants.swift; sourceTree = "<group>"; };
		D1B38EBB2891EB61001FA9F7 /* Extensions.swift */ = {isa = PBXFileReference; fileEncoding = 4; lastKnownFileType = sourcecode.swift; path = Extensions.swift; sourceTree = "<group>"; };
		D1B38EBC2891EB62001FA9F7 /* NetworkService.swift */ = {isa = PBXFileReference; fileEncoding = 4; lastKnownFileType = sourcecode.swift; path = NetworkService.swift; sourceTree = "<group>"; };
		D1B38EC12891EB74001FA9F7 /* Book.swift */ = {isa = PBXFileReference; fileEncoding = 4; lastKnownFileType = sourcecode.swift; path = Book.swift; sourceTree = "<group>"; };
		D1B38EC32891EB7E001FA9F7 /* BooksListViewModel.swift */ = {isa = PBXFileReference; fileEncoding = 4; lastKnownFileType = sourcecode.swift; path = BooksListViewModel.swift; sourceTree = "<group>"; };
		D1B38EC52891EBA0001FA9F7 /* BooksView.swift */ = {isa = PBXFileReference; fileEncoding = 4; lastKnownFileType = sourcecode.swift; path = BooksView.swift; sourceTree = "<group>"; };
		D1B38EC72891EC17001FA9F7 /* BookView.swift */ = {isa = PBXFileReference; fileEncoding = 4; lastKnownFileType = sourcecode.swift; path = BookView.swift; sourceTree = "<group>"; };
/* End PBXFileReference section */

/* Begin PBXFrameworksBuildPhase section */
		D1B38E9E2891EA2A001FA9F7 /* Frameworks */ = {
			isa = PBXFrameworksBuildPhase;
			buildActionMask = 2147483647;
			files = (
			);
			runOnlyForDeploymentPostprocessing = 0;
		};
/* End PBXFrameworksBuildPhase section */

/* Begin PBXGroup section */
		7FBFE22929546F600028FFA1 /* Base */ = {
			isa = PBXGroup;
			children = (
				7FBFE22A29546F710028FFA1 /* ViewModelType.swift */,
				7FBFE22C29546F970028FFA1 /* BaseView.swift */,
			);
			path = Base;
			sourceTree = "<group>";
		};
		7FBFE22E295907EE0028FFA1 /* Domain */ = {
			isa = PBXGroup;
			children = (
				D1B38EB52891EAC4001FA9F7 /* Models */,
				7FBFE22F295907F60028FFA1 /* UseCases */,
			);
			path = Domain;
			sourceTree = "<group>";
		};
		7FBFE22F295907F60028FFA1 /* UseCases */ = {
			isa = PBXGroup;
			children = (
				7FBFE232295909160028FFA1 /* BaseUseCase.swift */,
				7FBFE2302959084C0028FFA1 /* BooksUseCase.swift */,
			);
			path = UseCases;
			sourceTree = "<group>";
		};
		7FBFE236295CDE580028FFA1 /* DI */ = {
			isa = PBXGroup;
			children = (
				7FBFE234295CDE530028FFA1 /* Factory.swift */,
				7FBFE237295CDE790028FFA1 /* Container.swift */,
			);
			path = DI;
			sourceTree = "<group>";
		};
		D1B38E982891EA2A001FA9F7 = {
			isa = PBXGroup;
			children = (
				D1B38EA32891EA2A001FA9F7 /* MyLibrary */,
				D1B38EA22891EA2A001FA9F7 /* Products */,
			);
			sourceTree = "<group>";
		};
		D1B38EA22891EA2A001FA9F7 /* Products */ = {
			isa = PBXGroup;
			children = (
				D1B38EA12891EA2A001FA9F7 /* MyLibrary.app */,
			);
			name = Products;
			sourceTree = "<group>";
		};
		D1B38EA32891EA2A001FA9F7 /* MyLibrary */ = {
			isa = PBXGroup;
			children = (
				7FBFE22E295907EE0028FFA1 /* Domain */,
				D1B38EB82891EB46001FA9F7 /* Managers */,
				D1B38EB32891EA89001FA9F7 /* Scenes */,
				D1B38EA42891EA2A001FA9F7 /* MyLibraryApp.swift */,
				D1B38EA82891EA2E001FA9F7 /* Assets.xcassets */,
				D1B38EAA2891EA2E001FA9F7 /* Preview Content */,
			);
			path = MyLibrary;
			sourceTree = "<group>";
		};
		D1B38EAA2891EA2E001FA9F7 /* Preview Content */ = {
			isa = PBXGroup;
			children = (
				D1B38EAB2891EA2E001FA9F7 /* Preview Assets.xcassets */,
				7FBFE239295E51360028FFA1 /* FakeBooks.json */,
				7FBFE23B295E525A0028FFA1 /* Mocks.swift */,
				7FBFE23D295E52FA0028FFA1 /* PreviewHandler.swift */,
			);
			path = "Preview Content";
			sourceTree = "<group>";
		};
		D1B38EB22891EA7B001FA9F7 /* NetworkManager */ = {
			isa = PBXGroup;
			children = (
				D1B38EBA2891EB61001FA9F7 /* Constants.swift */,
				D1B38EBB2891EB61001FA9F7 /* Extensions.swift */,
				D1B38EB92891EB61001FA9F7 /* Utilities.swift */,
				D1B38EBC2891EB62001FA9F7 /* NetworkService.swift */,
			);
			path = NetworkManager;
			sourceTree = "<group>";
		};
		D1B38EB32891EA89001FA9F7 /* Scenes */ = {
			isa = PBXGroup;
			children = (
				7FBFE22929546F600028FFA1 /* Base */,
				D1B38EC92891EC21001FA9F7 /* Book */,
				D1B38EB42891EAB8001FA9F7 /* Books */,
			);
			path = Scenes;
			sourceTree = "<group>";
		};
		D1B38EB42891EAB8001FA9F7 /* Books */ = {
			isa = PBXGroup;
			children = (
				D1B38EB72891EADB001FA9F7 /* ViewModels */,
				D1B38EB62891EAD3001FA9F7 /* Views */,
			);
			path = Books;
			sourceTree = "<group>";
		};
		D1B38EB52891EAC4001FA9F7 /* Models */ = {
			isa = PBXGroup;
			children = (
				D1B38EC12891EB74001FA9F7 /* Book.swift */,
			);
			path = Models;
			sourceTree = "<group>";
		};
		D1B38EB62891EAD3001FA9F7 /* Views */ = {
			isa = PBXGroup;
			children = (
				D1B38EC52891EBA0001FA9F7 /* BooksView.swift */,
			);
			path = Views;
			sourceTree = "<group>";
		};
		D1B38EB72891EADB001FA9F7 /* ViewModels */ = {
			isa = PBXGroup;
			children = (
				D1B38EC32891EB7E001FA9F7 /* BooksListViewModel.swift */,
			);
			path = ViewModels;
			sourceTree = "<group>";
		};
		D1B38EB82891EB46001FA9F7 /* Managers */ = {
			isa = PBXGroup;
			children = (
				7FBFE236295CDE580028FFA1 /* DI */,
				D1B38EB22891EA7B001FA9F7 /* NetworkManager */,
			);
			path = Managers;
			sourceTree = "<group>";
		};
		D1B38EC92891EC21001FA9F7 /* Book */ = {
			isa = PBXGroup;
			children = (
				D1B38ECA2891EC2F001FA9F7 /* Views */,
			);
			path = Book;
			sourceTree = "<group>";
		};
		D1B38ECA2891EC2F001FA9F7 /* Views */ = {
			isa = PBXGroup;
			children = (
				D1B38EC72891EC17001FA9F7 /* BookView.swift */,
			);
			path = Views;
			sourceTree = "<group>";
		};
/* End PBXGroup section */

/* Begin PBXNativeTarget section */
		D1B38EA02891EA2A001FA9F7 /* MyLibrary */ = {
			isa = PBXNativeTarget;
			buildConfigurationList = D1B38EAF2891EA2E001FA9F7 /* Build configuration list for PBXNativeTarget "MyLibrary" */;
			buildPhases = (
				D1B38E9D2891EA2A001FA9F7 /* Sources */,
				D1B38E9E2891EA2A001FA9F7 /* Frameworks */,
				D1B38E9F2891EA2A001FA9F7 /* Resources */,
			);
			buildRules = (
			);
			dependencies = (
			);
			name = MyLibrary;
			productName = MyLibrary;
			productReference = D1B38EA12891EA2A001FA9F7 /* MyLibrary.app */;
			productType = "com.apple.product-type.application";
		};
/* End PBXNativeTarget section */

/* Begin PBXProject section */
		D1B38E992891EA2A001FA9F7 /* Project object */ = {
			isa = PBXProject;
			attributes = {
				BuildIndependentTargetsInParallel = 1;
				LastSwiftUpdateCheck = 1320;
				LastUpgradeCheck = 1320;
				TargetAttributes = {
					D1B38EA02891EA2A001FA9F7 = {
						CreatedOnToolsVersion = 13.2.1;
					};
				};
			};
			buildConfigurationList = D1B38E9C2891EA2A001FA9F7 /* Build configuration list for PBXProject "MyLibrary" */;
			compatibilityVersion = "Xcode 13.0";
			developmentRegion = en;
			hasScannedForEncodings = 0;
			knownRegions = (
				en,
				Base,
			);
			mainGroup = D1B38E982891EA2A001FA9F7;
			productRefGroup = D1B38EA22891EA2A001FA9F7 /* Products */;
			projectDirPath = "";
			projectRoot = "";
			targets = (
				D1B38EA02891EA2A001FA9F7 /* MyLibrary */,
			);
		};
/* End PBXProject section */

/* Begin PBXResourcesBuildPhase section */
		D1B38E9F2891EA2A001FA9F7 /* Resources */ = {
			isa = PBXResourcesBuildPhase;
			buildActionMask = 2147483647;
			files = (
				D1B38EAC2891EA2E001FA9F7 /* Preview Assets.xcassets in Resources */,
				7FBFE23A295E51360028FFA1 /* FakeBooks.json in Resources */,
				D1B38EA92891EA2E001FA9F7 /* Assets.xcassets in Resources */,
			);
			runOnlyForDeploymentPostprocessing = 0;
		};
/* End PBXResourcesBuildPhase section */

/* Begin PBXSourcesBuildPhase section */
		D1B38E9D2891EA2A001FA9F7 /* Sources */ = {
			isa = PBXSourcesBuildPhase;
			buildActionMask = 2147483647;
			files = (
				7FBFE23E295E52FA0028FFA1 /* PreviewHandler.swift in Sources */,
				D1B38EC82891EC17001FA9F7 /* BookView.swift in Sources */,
				D1B38EC02891EB62001FA9F7 /* NetworkService.swift in Sources */,
				D1B38EC62891EBA0001FA9F7 /* BooksView.swift in Sources */,
				7FBFE23C295E525A0028FFA1 /* Mocks.swift in Sources */,
				D1B38EC42891EB7E001FA9F7 /* BooksListViewModel.swift in Sources */,
				7FBFE2312959084C0028FFA1 /* BooksUseCase.swift in Sources */,
				D1B38EBF2891EB62001FA9F7 /* Extensions.swift in Sources */,
				7FBFE235295CDE530028FFA1 /* Factory.swift in Sources */,
				7FBFE238295CDE790028FFA1 /* Container.swift in Sources */,
				D1B38EC22891EB74001FA9F7 /* Book.swift in Sources */,
				D1B38EBD2891EB62001FA9F7 /* Utilities.swift in Sources */,
				D1B38EA52891EA2A001FA9F7 /* MyLibraryApp.swift in Sources */,
				7FBFE22B29546F710028FFA1 /* ViewModelType.swift in Sources */,
				7FBFE22D29546F970028FFA1 /* BaseView.swift in Sources */,
				7FBFE233295909160028FFA1 /* BaseUseCase.swift in Sources */,
				D1B38EBE2891EB62001FA9F7 /* Constants.swift in Sources */,
			);
			runOnlyForDeploymentPostprocessing = 0;
		};
/* End PBXSourcesBuildPhase section */

/* Begin XCBuildConfiguration section */
		D1B38EAD2891EA2E001FA9F7 /* Debug */ = {
			isa = XCBuildConfiguration;
			buildSettings = {
				ALWAYS_SEARCH_USER_PATHS = NO;
				CLANG_ANALYZER_NONNULL = YES;
				CLANG_ANALYZER_NUMBER_OBJECT_CONVERSION = YES_AGGRESSIVE;
				CLANG_CXX_LANGUAGE_STANDARD = "gnu++17";
				CLANG_CXX_LIBRARY = "libc++";
				CLANG_ENABLE_MODULES = YES;
				CLANG_ENABLE_OBJC_ARC = YES;
				CLANG_ENABLE_OBJC_WEAK = YES;
				CLANG_WARN_BLOCK_CAPTURE_AUTORELEASING = YES;
				CLANG_WARN_BOOL_CONVERSION = YES;
				CLANG_WARN_COMMA = YES;
				CLANG_WARN_CONSTANT_CONVERSION = YES;
				CLANG_WARN_DEPRECATED_OBJC_IMPLEMENTATIONS = YES;
				CLANG_WARN_DIRECT_OBJC_ISA_USAGE = YES_ERROR;
				CLANG_WARN_DOCUMENTATION_COMMENTS = YES;
				CLANG_WARN_EMPTY_BODY = YES;
				CLANG_WARN_ENUM_CONVERSION = YES;
				CLANG_WARN_INFINITE_RECURSION = YES;
				CLANG_WARN_INT_CONVERSION = YES;
				CLANG_WARN_NON_LITERAL_NULL_CONVERSION = YES;
				CLANG_WARN_OBJC_IMPLICIT_RETAIN_SELF = YES;
				CLANG_WARN_OBJC_LITERAL_CONVERSION = YES;
				CLANG_WARN_OBJC_ROOT_CLASS = YES_ERROR;
				CLANG_WARN_QUOTED_INCLUDE_IN_FRAMEWORK_HEADER = YES;
				CLANG_WARN_RANGE_LOOP_ANALYSIS = YES;
				CLANG_WARN_STRICT_PROTOTYPES = YES;
				CLANG_WARN_SUSPICIOUS_MOVE = YES;
				CLANG_WARN_UNGUARDED_AVAILABILITY = YES_AGGRESSIVE;
				CLANG_WARN_UNREACHABLE_CODE = YES;
				CLANG_WARN__DUPLICATE_METHOD_MATCH = YES;
				COPY_PHASE_STRIP = NO;
				DEBUG_INFORMATION_FORMAT = dwarf;
				ENABLE_STRICT_OBJC_MSGSEND = YES;
				ENABLE_TESTABILITY = YES;
				GCC_C_LANGUAGE_STANDARD = gnu11;
				GCC_DYNAMIC_NO_PIC = NO;
				GCC_NO_COMMON_BLOCKS = YES;
				GCC_OPTIMIZATION_LEVEL = 0;
				GCC_PREPROCESSOR_DEFINITIONS = (
					"DEBUG=1",
					"$(inherited)",
				);
				GCC_WARN_64_TO_32_BIT_CONVERSION = YES;
				GCC_WARN_ABOUT_RETURN_TYPE = YES_ERROR;
				GCC_WARN_UNDECLARED_SELECTOR = YES;
				GCC_WARN_UNINITIALIZED_AUTOS = YES_AGGRESSIVE;
				GCC_WARN_UNUSED_FUNCTION = YES;
				GCC_WARN_UNUSED_VARIABLE = YES;
				IPHONEOS_DEPLOYMENT_TARGET = 15.2;
				MTL_ENABLE_DEBUG_INFO = INCLUDE_SOURCE;
				MTL_FAST_MATH = YES;
				ONLY_ACTIVE_ARCH = YES;
				SDKROOT = iphoneos;
				SWIFT_ACTIVE_COMPILATION_CONDITIONS = DEBUG;
				SWIFT_OPTIMIZATION_LEVEL = "-Onone";
			};
			name = Debug;
		};
		D1B38EAE2891EA2E001FA9F7 /* Release */ = {
			isa = XCBuildConfiguration;
			buildSettings = {
				ALWAYS_SEARCH_USER_PATHS = NO;
				CLANG_ANALYZER_NONNULL = YES;
				CLANG_ANALYZER_NUMBER_OBJECT_CONVERSION = YES_AGGRESSIVE;
				CLANG_CXX_LANGUAGE_STANDARD = "gnu++17";
				CLANG_CXX_LIBRARY = "libc++";
				CLANG_ENABLE_MODULES = YES;
				CLANG_ENABLE_OBJC_ARC = YES;
				CLANG_ENABLE_OBJC_WEAK = YES;
				CLANG_WARN_BLOCK_CAPTURE_AUTORELEASING = YES;
				CLANG_WARN_BOOL_CONVERSION = YES;
				CLANG_WARN_COMMA = YES;
				CLANG_WARN_CONSTANT_CONVERSION = YES;
				CLANG_WARN_DEPRECATED_OBJC_IMPLEMENTATIONS = YES;
				CLANG_WARN_DIRECT_OBJC_ISA_USAGE = YES_ERROR;
				CLANG_WARN_DOCUMENTATION_COMMENTS = YES;
				CLANG_WARN_EMPTY_BODY = YES;
				CLANG_WARN_ENUM_CONVERSION = YES;
				CLANG_WARN_INFINITE_RECURSION = YES;
				CLANG_WARN_INT_CONVERSION = YES;
				CLANG_WARN_NON_LITERAL_NULL_CONVERSION = YES;
				CLANG_WARN_OBJC_IMPLICIT_RETAIN_SELF = YES;
				CLANG_WARN_OBJC_LITERAL_CONVERSION = YES;
				CLANG_WARN_OBJC_ROOT_CLASS = YES_ERROR;
				CLANG_WARN_QUOTED_INCLUDE_IN_FRAMEWORK_HEADER = YES;
				CLANG_WARN_RANGE_LOOP_ANALYSIS = YES;
				CLANG_WARN_STRICT_PROTOTYPES = YES;
				CLANG_WARN_SUSPICIOUS_MOVE = YES;
				CLANG_WARN_UNGUARDED_AVAILABILITY = YES_AGGRESSIVE;
				CLANG_WARN_UNREACHABLE_CODE = YES;
				CLANG_WARN__DUPLICATE_METHOD_MATCH = YES;
				COPY_PHASE_STRIP = NO;
				DEBUG_INFORMATION_FORMAT = "dwarf-with-dsym";
				ENABLE_NS_ASSERTIONS = NO;
				ENABLE_STRICT_OBJC_MSGSEND = YES;
				GCC_C_LANGUAGE_STANDARD = gnu11;
				GCC_NO_COMMON_BLOCKS = YES;
				GCC_WARN_64_TO_32_BIT_CONVERSION = YES;
				GCC_WARN_ABOUT_RETURN_TYPE = YES_ERROR;
				GCC_WARN_UNDECLARED_SELECTOR = YES;
				GCC_WARN_UNINITIALIZED_AUTOS = YES_AGGRESSIVE;
				GCC_WARN_UNUSED_FUNCTION = YES;
				GCC_WARN_UNUSED_VARIABLE = YES;
				IPHONEOS_DEPLOYMENT_TARGET = 15.2;
				MTL_ENABLE_DEBUG_INFO = NO;
				MTL_FAST_MATH = YES;
				SDKROOT = iphoneos;
				SWIFT_COMPILATION_MODE = wholemodule;
				SWIFT_OPTIMIZATION_LEVEL = "-O";
				VALIDATE_PRODUCT = YES;
			};
			name = Release;
		};
		D1B38EB02891EA2E001FA9F7 /* Debug */ = {
			isa = XCBuildConfiguration;
			buildSettings = {
				ASSETCATALOG_COMPILER_APPICON_NAME = AppIcon;
				ASSETCATALOG_COMPILER_GLOBAL_ACCENT_COLOR_NAME = AccentColor;
				CODE_SIGN_STYLE = Automatic;
				CURRENT_PROJECT_VERSION = 1;
				DEVELOPMENT_ASSET_PATHS = "\"MyLibrary/Preview Content\"";
				ENABLE_PREVIEWS = YES;
				GENERATE_INFOPLIST_FILE = YES;
				INFOPLIST_KEY_UIApplicationSceneManifest_Generation = YES;
				INFOPLIST_KEY_UIApplicationSupportsIndirectInputEvents = YES;
				INFOPLIST_KEY_UILaunchScreen_Generation = YES;
				INFOPLIST_KEY_UISupportedInterfaceOrientations_iPad = "UIInterfaceOrientationPortrait UIInterfaceOrientationPortraitUpsideDown UIInterfaceOrientationLandscapeLeft UIInterfaceOrientationLandscapeRight";
				INFOPLIST_KEY_UISupportedInterfaceOrientations_iPhone = "UIInterfaceOrientationPortrait UIInterfaceOrientationLandscapeLeft UIInterfaceOrientationLandscapeRight";
				LD_RUNPATH_SEARCH_PATHS = (
					"$(inherited)",
					"@executable_path/Frameworks",
				);
				MARKETING_VERSION = 1.0;
				PRODUCT_BUNDLE_IDENTIFIER = com.mostafasandeed.MyLibrary.MyLibrary;
				PRODUCT_NAME = "$(TARGET_NAME)";
				SWIFT_EMIT_LOC_STRINGS = YES;
				SWIFT_VERSION = 5.0;
				TARGETED_DEVICE_FAMILY = "1,2";
			};
			name = Debug;
		};
		D1B38EB12891EA2E001FA9F7 /* Release */ = {
			isa = XCBuildConfiguration;
			buildSettings = {
				ASSETCATALOG_COMPILER_APPICON_NAME = AppIcon;
				ASSETCATALOG_COMPILER_GLOBAL_ACCENT_COLOR_NAME = AccentColor;
				CODE_SIGN_STYLE = Automatic;
				CURRENT_PROJECT_VERSION = 1;
				DEVELOPMENT_ASSET_PATHS = "\"MyLibrary/Preview Content\"";
				ENABLE_PREVIEWS = YES;
				GENERATE_INFOPLIST_FILE = YES;
				INFOPLIST_KEY_UIApplicationSceneManifest_Generation = YES;
				INFOPLIST_KEY_UIApplicationSupportsIndirectInputEvents = YES;
				INFOPLIST_KEY_UILaunchScreen_Generation = YES;
				INFOPLIST_KEY_UISupportedInterfaceOrientations_iPad = "UIInterfaceOrientationPortrait UIInterfaceOrientationPortraitUpsideDown UIInterfaceOrientationLandscapeLeft UIInterfaceOrientationLandscapeRight";
				INFOPLIST_KEY_UISupportedInterfaceOrientations_iPhone = "UIInterfaceOrientationPortrait UIInterfaceOrientationLandscapeLeft UIInterfaceOrientationLandscapeRight";
				LD_RUNPATH_SEARCH_PATHS = (
					"$(inherited)",
					"@executable_path/Frameworks",
				);
				MARKETING_VERSION = 1.0;
				PRODUCT_BUNDLE_IDENTIFIER = com.mostafasandeed.MyLibrary.MyLibrary;
				PRODUCT_NAME = "$(TARGET_NAME)";
				SWIFT_EMIT_LOC_STRINGS = YES;
				SWIFT_VERSION = 5.0;
				TARGETED_DEVICE_FAMILY = "1,2";
			};
			name = Release;
		};
/* End XCBuildConfiguration section */

/* Begin XCConfigurationList section */
		D1B38E9C2891EA2A001FA9F7 /* Build configuration list for PBXProject "MyLibrary" */ = {
			isa = XCConfigurationList;
			buildConfigurations = (
				D1B38EAD2891EA2E001FA9F7 /* Debug */,
				D1B38EAE2891EA2E001FA9F7 /* Release */,
			);
			defaultConfigurationIsVisible = 0;
			defaultConfigurationName = Release;
		};
		D1B38EAF2891EA2E001FA9F7 /* Build configuration list for PBXNativeTarget "MyLibrary" */ = {
			isa = XCConfigurationList;
			buildConfigurations = (
				D1B38EB02891EA2E001FA9F7 /* Debug */,
				D1B38EB12891EA2E001FA9F7 /* Release */,
			);
			defaultConfigurationIsVisible = 0;
			defaultConfigurationName = Release;
		};
/* End XCConfigurationList section */
	};
	rootObject = D1B38E992891EA2A001FA9F7 /* Project object */;
}
